{
    "hash": "3126a7ed70745027f99630fbf885bf5e",
    "packages": [
        {
            "name": "webcodr/collection",
            "version": "1.0.0",
            "source": {
                "type": "git",
                "url": "https://github.com/WebCodr/Collection.git",
                "reference": "1.0.0"
            },
            "dist": {
                "type": "zip",
                "url": "https://api.github.com/repos/WebCodr/Collection/zipball/1.0.0",
                "reference": "1.0.0",
                "shasum": ""
            },
            "require": {
                "php": ">=5.3.4"
            },
            "type": "library",
            "autoload": {
                "psr-0": {
                    "Collection": "src"
                }
            },
            "notification-url": "https://packagist.org/downloads/",
            "license": [
                "MIT"
            ],
            "authors": [
                {
                    "name": "David Henning",
                    "email": "madcat.me@gmail.com",
                    "homepage": "http://webcodr.de",
                    "role": "Developer"
                }
            ],
            "description": "Collection library for PHP",
            "homepage": "https://github.com/WebCodr/Collection",
            "keywords": [
                "array",
                "collection"
            ],
            "time": "2013-03-02 23:58:56"
        }
    ],
    "packages-dev": [

    ],
    "aliases": [

    ],
    "minimum-stability": "stable",
    "stability-flags": [

    ],
    "platform": {
        "php": ">=5.4.0",
        "ext-mongo": ">=1.2.0"
    },
    "platform-dev": [

    ]
}
