{
    "hash": "8eb19920b1c08f654648992ab4cbcf9e",
    "packages": [
        {
            "name": "webcodr/collection",
            "version": "2.0.1",
            "source": {
                "type": "git",
                "url": "https://github.com/WebCodr/Collection.git",
                "reference": "2.0.1"
            },
            "dist": {
                "type": "zip",
                "url": "https://api.github.com/repos/WebCodr/Collection/zipball/2.0.1",
                "reference": "2.0.1",
                "shasum": ""
            },
            "require": {
                "php": ">=5.4"
            },
            "time": "2013-04-01 16:11:11",
            "type": "library",
            "autoload": {
                "psr-0": {
                    "Collection": "src"
                }
            },
            "notification-url": "http://packagist.org/downloads/",
            "license": [
                "MIT"
            ],
            "authors": [
                {
                    "name": "David Henning",
                    "email": "madcat.me@gmail.com",
                    "homepage": "http://webcodr.de",
                    "role": "Developer"
                }
            ],
            "description": "Collection library for PHP",
            "homepage": "https://github.com/WebCodr/Collection",
            "keywords": [
                "array",
                "collection"
            ]
        }
    ],
    "packages-dev": null,
    "aliases": [

    ],
    "minimum-stability": "stable",
    "stability-flags": [

    ]
}
